<Solution>
  <Folder Name="/StorageWatch/" />
  <Project Path="StorageWatch.Tests/StorageWatch.Tests.csproj" />
  <Project Path="StorageWatch/StorageWatchService.csproj" />
  <Project Path="StorageWatchServer.Tests/StorageWatchServer.Tests.csproj" />
  <Project Path="StorageWatchServer/StorageWatchServer.csproj" />
  <Project Path="StorageWatchUI.Tests/StorageWatchUI.Tests.csproj" />
  <Project Path="StorageWatchUI/StorageWatchUI.csproj" />
</Solution>
